
Microsoft Visual Studio Solution File, Format Version 12.00
# Visual Studio Version 17
VisualStudioVersion = 17.3.32825.248
MinimumVisualStudioVersion = 10.0.40219.1
Project("{FAE04EC0-301F-11D3-BF4B-00C04F79EFBC}") = "LibrarySolution", "LibrarySolution\LibrarySolution.csproj", "{FDFABF6D-95EA-4043-BF8F-20747BB35359}"
EndProject
Project("{FAE04EC0-301F-11D3-BF4B-00C04F79EFBC}") = "TestProjectStudent", "TestProjectStudent\TestProjectStudent.csproj", "{16F48350-9BE3-4A41-BC6F-161EE9CA0D1C}"
EndProject
Global
	GlobalSection(SolutionConfigurationPlatforms) = preSolution
		Debug|Any CPU = Debug|Any CPU
		Release|Any CPU = Release|Any CPU
	EndGlobalSection
	GlobalSection(ProjectConfigurationPlatforms) = postSolution
		{FDFABF6D-95EA-4043-BF8F-20747BB35359}.Debug|Any CPU.ActiveCfg = Debug|Any CPU
		{FDFABF6D-95EA-4043-BF8F-20747BB35359}.Debug|Any CPU.Build.0 = Debug|Any CPU
		{FDFABF6D-95EA-4043-BF8F-20747BB35359}.Release|Any CPU.ActiveCfg = Release|Any CPU
		{FDFABF6D-95EA-4043-BF8F-20747BB35359}.Release|Any CPU.Build.0 = Release|Any CPU
		{16F48350-9BE3-4A41-BC6F-161EE9CA0D1C}.Debug|Any CPU.ActiveCfg = Debug|Any CPU
		{16F48350-9BE3-4A41-BC6F-161EE9CA0D1C}.Debug|Any CPU.Build.0 = Debug|Any CPU
		{16F48350-9BE3-4A41-BC6F-161EE9CA0D1C}.Release|Any CPU.ActiveCfg = Release|Any CPU
		{16F48350-9BE3-4A41-BC6F-161EE9CA0D1C}.Release|Any CPU.Build.0 = Release|Any CPU
	EndGlobalSection
	GlobalSection(SolutionProperties) = preSolution
		HideSolutionNode = FALSE
	EndGlobalSection
	GlobalSection(ExtensibilityGlobals) = postSolution
		SolutionGuid = {50DB4994-3B6F-4A17-8462-4AC9D2DC77A1}
	EndGlobalSection
EndGlobal
